
Microsoft Visual Studio Solution File, Format Version 12.00
# Visual Studio 15
VisualStudioVersion = 15.0.28010.2041
MinimumVisualStudioVersion = 10.0.40219.1
Project("{FAE04EC0-301F-11D3-BF4B-00C04F79EFBC}") = "GCFinalize", "GCFinalize.csproj", "{3C583D34-3BB2-448A-AFF5-7F646C386069}"
EndProject
Global
	GlobalSection(SolutionConfigurationPlatforms) = preSolution
		Debug|Any CPU = Debug|Any CPU
		Release|Any CPU = Release|Any CPU
	EndGlobalSection
	GlobalSection(ProjectConfigurationPlatforms) = postSolution
		{3C583D34-3BB2-448A-AFF5-7F646C386069}.Debug|Any CPU.ActiveCfg = Debug|Any CPU
		{3C583D34-3BB2-448A-AFF5-7F646C386069}.Debug|Any CPU.Build.0 = Debug|Any CPU
		{3C583D34-3BB2-448A-AFF5-7F646C386069}.Release|Any CPU.ActiveCfg = Release|Any CPU
		{3C583D34-3BB2-448A-AFF5-7F646C386069}.Release|Any CPU.Build.0 = Release|Any CPU
	EndGlobalSection
	GlobalSection(SolutionProperties) = preSolution
		HideSolutionNode = FALSE
	EndGlobalSection
	GlobalSection(ExtensibilityGlobals) = postSolution
		SolutionGuid = {622F5466-AF6E-42E5-885A-74DB619E3238}
	EndGlobalSection
EndGlobal
